
Microsoft Visual Studio Solution File, Format Version 12.00
# Visual Studio Version 17
VisualStudioVersion = 17.6.33723.286
MinimumVisualStudioVersion = 10.0.40219.1
Project("{FAE04EC0-301F-11D3-BF4B-00C04F79EFBC}") = "WifiView", "WifiView.csproj", "{34BB10B2-7266-4075-9063-81F6242F99DB}"
EndProject
Global
	GlobalSection(SolutionConfigurationPlatforms) = preSolution
		Debug|Any CPU = Debug|Any CPU
		Release|Any CPU = Release|Any CPU
	EndGlobalSection
	GlobalSection(ProjectConfigurationPlatforms) = postSolution
		{34BB10B2-7266-4075-9063-81F6242F99DB}.Debug|Any CPU.ActiveCfg = Debug|Any CPU
		{34BB10B2-7266-4075-9063-81F6242F99DB}.Debug|Any CPU.Build.0 = Debug|Any CPU
		{34BB10B2-7266-4075-9063-81F6242F99DB}.Release|Any CPU.ActiveCfg = Release|Any CPU
		{34BB10B2-7266-4075-9063-81F6242F99DB}.Release|Any CPU.Build.0 = Release|Any CPU
	EndGlobalSection
	GlobalSection(SolutionProperties) = preSolution
		HideSolutionNode = FALSE
	EndGlobalSection
	GlobalSection(ExtensibilityGlobals) = postSolution
		SolutionGuid = {34BDECEE-3CA2-458A-BC89-F4575EA318BC}
	EndGlobalSection
EndGlobal
